
Microsoft Visual Studio Solution File, Format Version 12.00
# Visual Studio Version 17
VisualStudioVersion = 17.11.35303.130
MinimumVisualStudioVersion = 10.0.40219.1
Project("{9A19103F-16F7-4668-BE54-9A1E7A4F7556}") = "EFCore.DatabaseFirst", "EFCore.DatabaseFirst\EFCore.DatabaseFirst.csproj", "{0012B027-6C6B-42F0-A837-1FF76C0343B2}"
EndProject
Project("{9A19103F-16F7-4668-BE54-9A1E7A4F7556}") = "EfCore.DatabaseFirstByScaffold", "EfCore.DatabaseFirstByScaffold\EfCore.DatabaseFirstByScaffold.csproj", "{B83684B7-F854-4A09-95F1-4A9A396955F4}"
EndProject
Project("{FAE04EC0-301F-11D3-BF4B-00C04F79EFBC}") = "EFCore.CodeFirst", "EFCore.CodeFirst\EFCore.CodeFirst.csproj", "{D7795590-9799-409E-B190-093AC067BB07}"
EndProject
Global
	GlobalSection(SolutionConfigurationPlatforms) = preSolution
		Debug|Any CPU = Debug|Any CPU
		Release|Any CPU = Release|Any CPU
	EndGlobalSection
	GlobalSection(ProjectConfigurationPlatforms) = postSolution
		{0012B027-6C6B-42F0-A837-1FF76C0343B2}.Debug|Any CPU.ActiveCfg = Debug|Any CPU
		{0012B027-6C6B-42F0-A837-1FF76C0343B2}.Debug|Any CPU.Build.0 = Debug|Any CPU
		{0012B027-6C6B-42F0-A837-1FF76C0343B2}.Release|Any CPU.ActiveCfg = Release|Any CPU
		{0012B027-6C6B-42F0-A837-1FF76C0343B2}.Release|Any CPU.Build.0 = Release|Any CPU
		{B83684B7-F854-4A09-95F1-4A9A396955F4}.Debug|Any CPU.ActiveCfg = Debug|Any CPU
		{B83684B7-F854-4A09-95F1-4A9A396955F4}.Debug|Any CPU.Build.0 = Debug|Any CPU
		{B83684B7-F854-4A09-95F1-4A9A396955F4}.Release|Any CPU.ActiveCfg = Release|Any CPU
		{B83684B7-F854-4A09-95F1-4A9A396955F4}.Release|Any CPU.Build.0 = Release|Any CPU
		{D7795590-9799-409E-B190-093AC067BB07}.Debug|Any CPU.ActiveCfg = Debug|Any CPU
		{D7795590-9799-409E-B190-093AC067BB07}.Debug|Any CPU.Build.0 = Debug|Any CPU
		{D7795590-9799-409E-B190-093AC067BB07}.Release|Any CPU.ActiveCfg = Release|Any CPU
		{D7795590-9799-409E-B190-093AC067BB07}.Release|Any CPU.Build.0 = Release|Any CPU
	EndGlobalSection
	GlobalSection(SolutionProperties) = preSolution
		HideSolutionNode = FALSE
	EndGlobalSection
	GlobalSection(ExtensibilityGlobals) = postSolution
		SolutionGuid = {CF13F9DD-60C1-4230-A30A-0C0DA5BC709C}
	EndGlobalSection
EndGlobal
